
Microsoft Visual Studio Solution File, Format Version 12.00
# Visual Studio Version 17
VisualStudioVersion = 17.1.32319.34
MinimumVisualStudioVersion = 10.0.40219.1
Project("{8BC9CEB8-8B4A-11D0-8D11-00A0C91BC942}") = "PIntroductionToOOP", "PIntroductionToOOP\PIntroductionToOOP.vcxproj", "{F5AED892-DE23-4180-83A5-B2F1230A5E67}"
EndProject
Project("{8BC9CEB8-8B4A-11D0-8D11-00A0C91BC942}") = "Distance", "Distance\Distance.vcxproj", "{F60AF14A-A767-4AE4-A9E3-A1224886576B}"
EndProject
Project("{8BC9CEB8-8B4A-11D0-8D11-00A0C91BC942}") = "Fraction", "Fraction\Fraction.vcxproj", "{C3FA5FE1-EC38-4A76-8705-46116CD4E9E8}"
EndProject
Project("{8BC9CEB8-8B4A-11D0-8D11-00A0C91BC942}") = "String", "String\String.vcxproj", "{F3CED65C-299E-4B2D-B8A6-457872B7A3E6}"
EndProject
Global
	GlobalSection(SolutionConfigurationPlatforms) = preSolution
		Debug|x64 = Debug|x64
		Debug|x86 = Debug|x86
		Release|x64 = Release|x64
		Release|x86 = Release|x86
	EndGlobalSection
	GlobalSection(ProjectConfigurationPlatforms) = postSolution
		{F5AED892-DE23-4180-83A5-B2F1230A5E67}.Debug|x64.ActiveCfg = Debug|x64
		{F5AED892-DE23-4180-83A5-B2F1230A5E67}.Debug|x64.Build.0 = Debug|x64
		{F5AED892-DE23-4180-83A5-B2F1230A5E67}.Debug|x86.ActiveCfg = Debug|Win32
		{F5AED892-DE23-4180-83A5-B2F1230A5E67}.Debug|x86.Build.0 = Debug|Win32
		{F5AED892-DE23-4180-83A5-B2F1230A5E67}.Release|x64.ActiveCfg = Release|x64
		{F5AED892-DE23-4180-83A5-B2F1230A5E67}.Release|x64.Build.0 = Release|x64
		{F5AED892-DE23-4180-83A5-B2F1230A5E67}.Release|x86.ActiveCfg = Release|Win32
		{F5AED892-DE23-4180-83A5-B2F1230A5E67}.Release|x86.Build.0 = Release|Win32
		{F60AF14A-A767-4AE4-A9E3-A1224886576B}.Debug|x64.ActiveCfg = Debug|x64
		{F60AF14A-A767-4AE4-A9E3-A1224886576B}.Debug|x64.Build.0 = Debug|x64
		{F60AF14A-A767-4AE4-A9E3-A1224886576B}.Debug|x86.ActiveCfg = Debug|Win32
		{F60AF14A-A767-4AE4-A9E3-A1224886576B}.Debug|x86.Build.0 = Debug|Win32
		{F60AF14A-A767-4AE4-A9E3-A1224886576B}.Release|x64.ActiveCfg = Release|x64
		{F60AF14A-A767-4AE4-A9E3-A1224886576B}.Release|x64.Build.0 = Release|x64
		{F60AF14A-A767-4AE4-A9E3-A1224886576B}.Release|x86.ActiveCfg = Release|Win32
		{F60AF14A-A767-4AE4-A9E3-A1224886576B}.Release|x86.Build.0 = Release|Win32
		{C3FA5FE1-EC38-4A76-8705-46116CD4E9E8}.Debug|x64.ActiveCfg = Debug|x64
		{C3FA5FE1-EC38-4A76-8705-46116CD4E9E8}.Debug|x64.Build.0 = Debug|x64
		{C3FA5FE1-EC38-4A76-8705-46116CD4E9E8}.Debug|x86.ActiveCfg = Debug|Win32
		{C3FA5FE1-EC38-4A76-8705-46116CD4E9E8}.Debug|x86.Build.0 = Debug|Win32
		{C3FA5FE1-EC38-4A76-8705-46116CD4E9E8}.Release|x64.ActiveCfg = Release|x64
		{C3FA5FE1-EC38-4A76-8705-46116CD4E9E8}.Release|x64.Build.0 = Release|x64
		{C3FA5FE1-EC38-4A76-8705-46116CD4E9E8}.Release|x86.ActiveCfg = Release|Win32
		{C3FA5FE1-EC38-4A76-8705-46116CD4E9E8}.Release|x86.Build.0 = Release|Win32
		{F3CED65C-299E-4B2D-B8A6-457872B7A3E6}.Debug|x64.ActiveCfg = Debug|x64
		{F3CED65C-299E-4B2D-B8A6-457872B7A3E6}.Debug|x64.Build.0 = Debug|x64
		{F3CED65C-299E-4B2D-B8A6-457872B7A3E6}.Debug|x86.ActiveCfg = Debug|Win32
		{F3CED65C-299E-4B2D-B8A6-457872B7A3E6}.Debug|x86.Build.0 = Debug|Win32
		{F3CED65C-299E-4B2D-B8A6-457872B7A3E6}.Release|x64.ActiveCfg = Release|x64
		{F3CED65C-299E-4B2D-B8A6-457872B7A3E6}.Release|x64.Build.0 = Release|x64
		{F3CED65C-299E-4B2D-B8A6-457872B7A3E6}.Release|x86.ActiveCfg = Release|Win32
		{F3CED65C-299E-4B2D-B8A6-457872B7A3E6}.Release|x86.Build.0 = Release|Win32
	EndGlobalSection
	GlobalSection(SolutionProperties) = preSolution
		HideSolutionNode = FALSE
	EndGlobalSection
	GlobalSection(ExtensibilityGlobals) = postSolution
		SolutionGuid = {9A90D59E-5565-4A83-A0D1-35167B4E1029}
	EndGlobalSection
EndGlobal
